
Microsoft Visual Studio Solution File, Format Version 12.00
# Visual Studio Version 17
VisualStudioVersion = 17.7.34018.315
MinimumVisualStudioVersion = 10.0.40219.1
Project("{FAE04EC0-301F-11D3-BF4B-00C04F79EFBC}") = "WSOptimizerAves", "WSOptimizerAves.csproj", "{9152B07A-23D4-49B5-B981-DEAF632FB1C0}"
EndProject
Global
	GlobalSection(SolutionConfigurationPlatforms) = preSolution
		Debug|Any CPU = Debug|Any CPU
		Release|Any CPU = Release|Any CPU
	EndGlobalSection
	GlobalSection(ProjectConfigurationPlatforms) = postSolution
		{9152B07A-23D4-49B5-B981-DEAF632FB1C0}.Debug|Any CPU.ActiveCfg = Debug|Any CPU
		{9152B07A-23D4-49B5-B981-DEAF632FB1C0}.Debug|Any CPU.Build.0 = Debug|Any CPU
		{9152B07A-23D4-49B5-B981-DEAF632FB1C0}.Release|Any CPU.ActiveCfg = Release|Any CPU
		{9152B07A-23D4-49B5-B981-DEAF632FB1C0}.Release|Any CPU.Build.0 = Release|Any CPU
	EndGlobalSection
	GlobalSection(SolutionProperties) = preSolution
		HideSolutionNode = FALSE
	EndGlobalSection
	GlobalSection(ExtensibilityGlobals) = postSolution
		SolutionGuid = {5F017E5F-7BB9-4CDA-A315-4F557D50CD1B}
	EndGlobalSection
EndGlobal
